
Microsoft Visual Studio Solution File, Format Version 12.00
# Visual Studio Version 17
VisualStudioVersion = 17.8.34511.84
MinimumVisualStudioVersion = 10.0.40219.1
Project("{FAE04EC0-301F-11D3-BF4B-00C04F79EFBC}") = "CopilotApi", "CopilotApi\CopilotApi.csproj", "{83D0FFF2-DADA-4A31-B482-D78C696A8A96}"
EndProject
Global
	GlobalSection(SolutionConfigurationPlatforms) = preSolution
		Debug|Any CPU = Debug|Any CPU
		Release|Any CPU = Release|Any CPU
	EndGlobalSection
	GlobalSection(ProjectConfigurationPlatforms) = postSolution
		{83D0FFF2-DADA-4A31-B482-D78C696A8A96}.Debug|Any CPU.ActiveCfg = Debug|Any CPU
		{83D0FFF2-DADA-4A31-B482-D78C696A8A96}.Debug|Any CPU.Build.0 = Debug|Any CPU
		{83D0FFF2-DADA-4A31-B482-D78C696A8A96}.Release|Any CPU.ActiveCfg = Release|Any CPU
		{83D0FFF2-DADA-4A31-B482-D78C696A8A96}.Release|Any CPU.Build.0 = Release|Any CPU
	EndGlobalSection
	GlobalSection(SolutionProperties) = preSolution
		HideSolutionNode = FALSE
	EndGlobalSection
	GlobalSection(ExtensibilityGlobals) = postSolution
		SolutionGuid = {D4E2BBE2-47CC-4B3F-A190-32036D4E0248}
	EndGlobalSection
EndGlobal
